// !$*UTF8*$!
{
	archiveVersion = 1;
	classes = {
	};
	objectVersion = 52;
	objects = {

/* Begin PBXBuildFile section */
		8933FDBF2582979D00EE6D2A /* PartialSheet in Frameworks */ = {isa = PBXBuildFile; productRef = 8933FDBE2582979D00EE6D2A /* PartialSheet */; };
		897FB3B7257B904800032D70 /* SetviceHoursApp.swift in Sources */ = {isa = PBXBuildFile; fileRef = 897FB3B6257B904800032D70 /* SetviceHoursApp.swift */; };
		897FB3B9257B904800032D70 /* ContentView.swift in Sources */ = {isa = PBXBuildFile; fileRef = 897FB3B8257B904800032D70 /* ContentView.swift */; };
		897FB3BB257B904900032D70 /* Assets.xcassets in Resources */ = {isa = PBXBuildFile; fileRef = 897FB3BA257B904900032D70 /* Assets.xcassets */; };
		897FB3BE257B904900032D70 /* Preview Assets.xcassets in Resources */ = {isa = PBXBuildFile; fileRef = 897FB3BD257B904900032D70 /* Preview Assets.xcassets */; };
		89A2C70F258661EA0099BAD6 /* SelectedMenuView.swift in Sources */ = {isa = PBXBuildFile; fileRef = 89A2C70E258661EA0099BAD6 /* SelectedMenuView.swift */; };
		89EDE49225810E2100463CAA /* Report.swift in Sources */ = {isa = PBXBuildFile; fileRef = 89EDE49125810E2100463CAA /* Report.swift */; };
/* End PBXBuildFile section */

/* Begin PBXFileReference section */
		897FB3B3257B904800032D70 /* SetviceHours.app */ = {isa = PBXFileReference; explicitFileType = wrapper.application; includeInIndex = 0; path = SetviceHours.app; sourceTree = BUILT_PRODUCTS_DIR; };
		897FB3B6257B904800032D70 /* SetviceHoursApp.swift */ = {isa = PBXFileReference; lastKnownFileType = sourcecode.swift; path = SetviceHoursApp.swift; sourceTree = "<group>"; };
		897FB3B8257B904800032D70 /* ContentView.swift */ = {isa = PBXFileReference; lastKnownFileType = sourcecode.swift; path = ContentView.swift; sourceTree = "<group>"; };
		897FB3BA257B904900032D70 /* Assets.xcassets */ = {isa = PBXFileReference; lastKnownFileType = folder.assetcatalog; path = Assets.xcassets; sourceTree = "<group>"; };
		897FB3BD257B904900032D70 /* Preview Assets.xcassets */ = {isa = PBXFileReference; lastKnownFileType = folder.assetcatalog; path = "Preview Assets.xcassets"; sourceTree = "<group>"; };
		897FB3BF257B904900032D70 /* Info.plist */ = {isa = PBXFileReference; lastKnownFileType = text.plist.xml; path = Info.plist; sourceTree = "<group>"; };
		89A2C70E258661EA0099BAD6 /* SelectedMenuView.swift */ = {isa = PBXFileReference; lastKnownFileType = sourcecode.swift; path = SelectedMenuView.swift; sourceTree = "<group>"; };
		89EDE49125810E2100463CAA /* Report.swift */ = {isa = PBXFileReference; lastKnownFileType = sourcecode.swift; path = Report.swift; sourceTree = "<group>"; };
/* End PBXFileReference section */

/* Begin PBXFrameworksBuildPhase section */
		897FB3B0257B904800032D70 /* Frameworks */ = {
			isa = PBXFrameworksBuildPhase;
			buildActionMask = 2147483647;
			files = (
				8933FDBF2582979D00EE6D2A /* PartialSheet in Frameworks */,
			);
			runOnlyForDeploymentPostprocessing = 0;
		};
/* End PBXFrameworksBuildPhase section */

/* Begin PBXGroup section */
		897FB3AA257B904800032D70 = {
			isa = PBXGroup;
			children = (
				897FB3B5257B904800032D70 /* SetviceHours */,
				897FB3B4257B904800032D70 /* Products */,
			);
			sourceTree = "<group>";
		};
		897FB3B4257B904800032D70 /* Products */ = {
			isa = PBXGroup;
			children = (
				897FB3B3257B904800032D70 /* SetviceHours.app */,
			);
			name = Products;
			sourceTree = "<group>";
		};
		897FB3B5257B904800032D70 /* SetviceHours */ = {
			isa = PBXGroup;
			children = (
				897FB3B6257B904800032D70 /* SetviceHoursApp.swift */,
				89EDE49125810E2100463CAA /* Report.swift */,
				897FB3B8257B904800032D70 /* ContentView.swift */,
				89A2C70E258661EA0099BAD6 /* SelectedMenuView.swift */,
				897FB3BA257B904900032D70 /* Assets.xcassets */,
				897FB3BF257B904900032D70 /* Info.plist */,
				897FB3BC257B904900032D70 /* Preview Content */,
			);
			path = SetviceHours;
			sourceTree = "<group>";
		};
		897FB3BC257B904900032D70 /* Preview Content */ = {
			isa = PBXGroup;
			children = (
				897FB3BD257B904900032D70 /* Preview Assets.xcassets */,
			);
			path = "Preview Content";
			sourceTree = "<group>";
		};
/* End PBXGroup section */

/* Begin PBXNativeTarget section */
		897FB3B2257B904800032D70 /* SetviceHours */ = {
			isa = PBXNativeTarget;
			buildConfigurationList = 897FB3C2257B904900032D70 /* Build configuration list for PBXNativeTarget "SetviceHours" */;
			buildPhases = (
				897FB3AF257B904800032D70 /* Sources */,
				897FB3B0257B904800032D70 /* Frameworks */,
				897FB3B1257B904800032D70 /* Resources */,
			);
			buildRules = (
			);
			dependencies = (
			);
			name = SetviceHours;
			packageProductDependencies = (
				8933FDBE2582979D00EE6D2A /* PartialSheet */,
			);
			productName = SetviceHours;
			productReference = 897FB3B3257B904800032D70 /* SetviceHours.app */;
			productType = "com.apple.product-type.application";
		};
/* End PBXNativeTarget section */

/* Begin PBXProject section */
		897FB3AB257B904800032D70 /* Project object */ = {
			isa = PBXProject;
			attributes = {
				LastSwiftUpdateCheck = 1220;
				LastUpgradeCheck = 1220;
				TargetAttributes = {
					897FB3B2257B904800032D70 = {
						CreatedOnToolsVersion = 12.2;
					};
				};
			};
			buildConfigurationList = 897FB3AE257B904800032D70 /* Build configuration list for PBXProject "SetviceHours" */;
			compatibilityVersion = "Xcode 9.3";
			developmentRegion = en;
			hasScannedForEncodings = 0;
			knownRegions = (
				en,
				Base,
			);
			mainGroup = 897FB3AA257B904800032D70;
			packageReferences = (
				8933FDBD2582979D00EE6D2A /* XCRemoteSwiftPackageReference "PartialSheet" */,
			);
			productRefGroup = 897FB3B4257B904800032D70 /* Products */;
			projectDirPath = "";
			projectRoot = "";
			targets = (
				897FB3B2257B904800032D70 /* SetviceHours */,
			);
		};
/* End PBXProject section */

/* Begin PBXResourcesBuildPhase section */
		897FB3B1257B904800032D70 /* Resources */ = {
			isa = PBXResourcesBuildPhase;
			buildActionMask = 2147483647;
			files = (
				897FB3BE257B904900032D70 /* Preview Assets.xcassets in Resources */,
				897FB3BB257B904900032D70 /* Assets.xcassets in Resources */,
			);
			runOnlyForDeploymentPostprocessing = 0;
		};
/* End PBXResourcesBuildPhase section */

/* Begin PBXSourcesBuildPhase section */
		897FB3AF257B904800032D70 /* Sources */ = {
			isa = PBXSourcesBuildPhase;
			buildActionMask = 2147483647;
			files = (
				897FB3B9257B904800032D70 /* ContentView.swift in Sources */,
				897FB3B7257B904800032D70 /* SetviceHoursApp.swift in Sources */,
				89A2C70F258661EA0099BAD6 /* SelectedMenuView.swift in Sources */,
				89EDE49225810E2100463CAA /* Report.swift in Sources */,
			);
			runOnlyForDeploymentPostprocessing = 0;
		};
/* End PBXSourcesBuildPhase section */

/* Begin XCBuildConfiguration section */
		897FB3C0257B904900032D70 /* Debug */ = {
			isa = XCBuildConfiguration;
			buildSettings = {
				ALWAYS_SEARCH_USER_PATHS = NO;
				CLANG_ANALYZER_NONNULL = YES;
				CLANG_ANALYZER_NUMBER_OBJECT_CONVERSION = YES_AGGRESSIVE;
				CLANG_CXX_LANGUAGE_STANDARD = "gnu++14";
				CLANG_CXX_LIBRARY = "libc++";
				CLANG_ENABLE_MODULES = YES;
				CLANG_ENABLE_OBJC_ARC = YES;
				CLANG_ENABLE_OBJC_WEAK = YES;
				CLANG_WARN_BLOCK_CAPTURE_AUTORELEASING = YES;
				CLANG_WARN_BOOL_CONVERSION = YES;
				CLANG_WARN_COMMA = YES;
				CLANG_WARN_CONSTANT_CONVERSION = YES;
				CLANG_WARN_DEPRECATED_OBJC_IMPLEMENTATIONS = YES;
				CLANG_WARN_DIRECT_OBJC_ISA_USAGE = YES_ERROR;
				CLANG_WARN_DOCUMENTATION_COMMENTS = YES;
				CLANG_WARN_EMPTY_BODY = YES;
				CLANG_WARN_ENUM_CONVERSION = YES;
				CLANG_WARN_INFINITE_RECURSION = YES;
				CLANG_WARN_INT_CONVERSION = YES;
				CLANG_WARN_NON_LITERAL_NULL_CONVERSION = YES;
				CLANG_WARN_OBJC_IMPLICIT_RETAIN_SELF = YES;
				CLANG_WARN_OBJC_LITERAL_CONVERSION = YES;
				CLANG_WARN_OBJC_ROOT_CLASS = YES_ERROR;
				CLANG_WARN_QUOTED_INCLUDE_IN_FRAMEWORK_HEADER = YES;
				CLANG_WARN_RANGE_LOOP_ANALYSIS = YES;
				CLANG_WARN_STRICT_PROTOTYPES = YES;
				CLANG_WARN_SUSPICIOUS_MOVE = YES;
				CLANG_WARN_UNGUARDED_AVAILABILITY = YES_AGGRESSIVE;
				CLANG_WARN_UNREACHABLE_CODE = YES;
				CLANG_WARN__DUPLICATE_METHOD_MATCH = YES;
				COPY_PHASE_STRIP = NO;
				DEBUG_INFORMATION_FORMAT = dwarf;
				ENABLE_STRICT_OBJC_MSGSEND = YES;
				ENABLE_TESTABILITY = YES;
				GCC_C_LANGUAGE_STANDARD = gnu11;
				GCC_DYNAMIC_NO_PIC = NO;
				GCC_NO_COMMON_BLOCKS = YES;
				GCC_OPTIMIZATION_LEVEL = 0;
				GCC_PREPROCESSOR_DEFINITIONS = (
					"DEBUG=1",
					"$(inherited)",
				);
				GCC_WARN_64_TO_32_BIT_CONVERSION = YES;
				GCC_WARN_ABOUT_RETURN_TYPE = YES_ERROR;
				GCC_WARN_UNDECLARED_SELECTOR = YES;
				GCC_WARN_UNINITIALIZED_AUTOS = YES_AGGRESSIVE;
				GCC_WARN_UNUSED_FUNCTION = YES;
				GCC_WARN_UNUSED_VARIABLE = YES;
				IPHONEOS_DEPLOYMENT_TARGET = 14.2;
				MTL_ENABLE_DEBUG_INFO = INCLUDE_SOURCE;
				MTL_FAST_MATH = YES;
				ONLY_ACTIVE_ARCH = YES;
				SDKROOT = iphoneos;
				SWIFT_ACTIVE_COMPILATION_CONDITIONS = DEBUG;
				SWIFT_OPTIMIZATION_LEVEL = "-Onone";
			};
			name = Debug;
		};
		897FB3C1257B904900032D70 /* Release */ = {
			isa = XCBuildConfiguration;
			buildSettings = {
				ALWAYS_SEARCH_USER_PATHS = NO;
				CLANG_ANALYZER_NONNULL = YES;
				CLANG_ANALYZER_NUMBER_OBJECT_CONVERSION = YES_AGGRESSIVE;
				CLANG_CXX_LANGUAGE_STANDARD = "gnu++14";
				CLANG_CXX_LIBRARY = "libc++";
				CLANG_ENABLE_MODULES = YES;
				CLANG_ENABLE_OBJC_ARC = YES;
				CLANG_ENABLE_OBJC_WEAK = YES;
				CLANG_WARN_BLOCK_CAPTURE_AUTORELEASING = YES;
				CLANG_WARN_BOOL_CONVERSION = YES;
				CLANG_WARN_COMMA = YES;
				CLANG_WARN_CONSTANT_CONVERSION = YES;
				CLANG_WARN_DEPRECATED_OBJC_IMPLEMENTATIONS = YES;
				CLANG_WARN_DIRECT_OBJC_ISA_USAGE = YES_ERROR;
				CLANG_WARN_DOCUMENTATION_COMMENTS = YES;
				CLANG_WARN_EMPTY_BODY = YES;
				CLANG_WARN_ENUM_CONVERSION = YES;
				CLANG_WARN_INFINITE_RECURSION = YES;
				CLANG_WARN_INT_CONVERSION = YES;
				CLANG_WARN_NON_LITERAL_NULL_CONVERSION = YES;
				CLANG_WARN_OBJC_IMPLICIT_RETAIN_SELF = YES;
				CLANG_WARN_OBJC_LITERAL_CONVERSION = YES;
				CLANG_WARN_OBJC_ROOT_CLASS = YES_ERROR;
				CLANG_WARN_QUOTED_INCLUDE_IN_FRAMEWORK_HEADER = YES;
				CLANG_WARN_RANGE_LOOP_ANALYSIS = YES;
				CLANG_WARN_STRICT_PROTOTYPES = YES;
				CLANG_WARN_SUSPICIOUS_MOVE = YES;
				CLANG_WARN_UNGUARDED_AVAILABILITY = YES_AGGRESSIVE;
				CLANG_WARN_UNREACHABLE_CODE = YES;
				CLANG_WARN__DUPLICATE_METHOD_MATCH = YES;
				COPY_PHASE_STRIP = NO;
				DEBUG_INFORMATION_FORMAT = "dwarf-with-dsym";
				ENABLE_NS_ASSERTIONS = NO;
				ENABLE_STRICT_OBJC_MSGSEND = YES;
				GCC_C_LANGUAGE_STANDARD = gnu11;
				GCC_NO_COMMON_BLOCKS = YES;
				GCC_WARN_64_TO_32_BIT_CONVERSION = YES;
				GCC_WARN_ABOUT_RETURN_TYPE = YES_ERROR;
				GCC_WARN_UNDECLARED_SELECTOR = YES;
				GCC_WARN_UNINITIALIZED_AUTOS = YES_AGGRESSIVE;
				GCC_WARN_UNUSED_FUNCTION = YES;
				GCC_WARN_UNUSED_VARIABLE = YES;
				IPHONEOS_DEPLOYMENT_TARGET = 14.2;
				MTL_ENABLE_DEBUG_INFO = NO;
				MTL_FAST_MATH = YES;
				SDKROOT = iphoneos;
				SWIFT_COMPILATION_MODE = wholemodule;
				SWIFT_OPTIMIZATION_LEVEL = "-O";
				VALIDATE_PRODUCT = YES;
			};
			name = Release;
		};
		897FB3C3257B904900032D70 /* Debug */ = {
			isa = XCBuildConfiguration;
			buildSettings = {
				ASSETCATALOG_COMPILER_APPICON_NAME = AppIcon;
				ASSETCATALOG_COMPILER_GLOBAL_ACCENT_COLOR_NAME = AccentColor;
				CODE_SIGN_STYLE = Automatic;
				DEVELOPMENT_ASSET_PATHS = "\"SetviceHours/Preview Content\"";
				DEVELOPMENT_TEAM = KNJLD62QTM;
				ENABLE_PREVIEWS = YES;
				INFOPLIST_FILE = SetviceHours/Info.plist;
				IPHONEOS_DEPLOYMENT_TARGET = 14.0;
				LD_RUNPATH_SEARCH_PATHS = (
					"$(inherited)",
					"@executable_path/Frameworks",
				);
				PRODUCT_BUNDLE_IDENTIFIER = MoslenOK.SetviceHours;
				PRODUCT_NAME = "$(TARGET_NAME)";
				SWIFT_VERSION = 5.0;
				TARGETED_DEVICE_FAMILY = "1,2";
			};
			name = Debug;
		};
		897FB3C4257B904900032D70 /* Release */ = {
			isa = XCBuildConfiguration;
			buildSettings = {
				ASSETCATALOG_COMPILER_APPICON_NAME = AppIcon;
				ASSETCATALOG_COMPILER_GLOBAL_ACCENT_COLOR_NAME = AccentColor;
				CODE_SIGN_STYLE = Automatic;
				DEVELOPMENT_ASSET_PATHS = "\"SetviceHours/Preview Content\"";
				DEVELOPMENT_TEAM = KNJLD62QTM;
				ENABLE_PREVIEWS = YES;
				INFOPLIST_FILE = SetviceHours/Info.plist;
				IPHONEOS_DEPLOYMENT_TARGET = 14.0;
				LD_RUNPATH_SEARCH_PATHS = (
					"$(inherited)",
					"@executable_path/Frameworks",
				);
				PRODUCT_BUNDLE_IDENTIFIER = MoslenOK.SetviceHours;
				PRODUCT_NAME = "$(TARGET_NAME)";
				SWIFT_VERSION = 5.0;
				TARGETED_DEVICE_FAMILY = "1,2";
			};
			name = Release;
		};
/* End XCBuildConfiguration section */

/* Begin XCConfigurationList section */
		897FB3AE257B904800032D70 /* Build configuration list for PBXProject "SetviceHours" */ = {
			isa = XCConfigurationList;
			buildConfigurations = (
				897FB3C0257B904900032D70 /* Debug */,
				897FB3C1257B904900032D70 /* Release */,
			);
			defaultConfigurationIsVisible = 0;
			defaultConfigurationName = Release;
		};
		897FB3C2257B904900032D70 /* Build configuration list for PBXNativeTarget "SetviceHours" */ = {
			isa = XCConfigurationList;
			buildConfigurations = (
				897FB3C3257B904900032D70 /* Debug */,
				897FB3C4257B904900032D70 /* Release */,
			);
			defaultConfigurationIsVisible = 0;
			defaultConfigurationName = Release;
		};
/* End XCConfigurationList section */

/* Begin XCRemoteSwiftPackageReference section */
		8933FDBD2582979D00EE6D2A /* XCRemoteSwiftPackageReference "PartialSheet" */ = {
			isa = XCRemoteSwiftPackageReference;
			repositoryURL = "https://github.com/AndreaMiotto/PartialSheet";
			requirement = {
				kind = upToNextMajorVersion;
				minimumVersion = 2.1.11;
			};
		};
/* End XCRemoteSwiftPackageReference section */

/* Begin XCSwiftPackageProductDependency section */
		8933FDBE2582979D00EE6D2A /* PartialSheet */ = {
			isa = XCSwiftPackageProductDependency;
			package = 8933FDBD2582979D00EE6D2A /* XCRemoteSwiftPackageReference "PartialSheet" */;
			productName = PartialSheet;
		};
/* End XCSwiftPackageProductDependency section */
	};
	rootObject = 897FB3AB257B904800032D70 /* Project object */;
}
